
Microsoft Visual Studio Solution File, Format Version 12.00
# Visual Studio Version 16
VisualStudioVersion = 16.0.32510.428
MinimumVisualStudioVersion = 10.0.40219.1
Project("{FAE04EC0-301F-11D3-BF4B-00C04F79EFBC}") = "RegistrationAndLogin3", "RegistrationAndLogin3\RegistrationAndLogin3.csproj", "{2F5D0913-5955-4ED7-8F4B-67D45D0BA3A0}"
EndProject
Global
	GlobalSection(SolutionConfigurationPlatforms) = preSolution
		Debug|Any CPU = Debug|Any CPU
		Release|Any CPU = Release|Any CPU
	EndGlobalSection
	GlobalSection(ProjectConfigurationPlatforms) = postSolution
		{2F5D0913-5955-4ED7-8F4B-67D45D0BA3A0}.Debug|Any CPU.ActiveCfg = Debug|Any CPU
		{2F5D0913-5955-4ED7-8F4B-67D45D0BA3A0}.Debug|Any CPU.Build.0 = Debug|Any CPU
		{2F5D0913-5955-4ED7-8F4B-67D45D0BA3A0}.Release|Any CPU.ActiveCfg = Release|Any CPU
		{2F5D0913-5955-4ED7-8F4B-67D45D0BA3A0}.Release|Any CPU.Build.0 = Release|Any CPU
	EndGlobalSection
	GlobalSection(SolutionProperties) = preSolution
		HideSolutionNode = FALSE
	EndGlobalSection
	GlobalSection(ExtensibilityGlobals) = postSolution
		SolutionGuid = {0605EBAB-BD89-45C8-9A35-87C4686D5840}
	EndGlobalSection
EndGlobal
